
Microsoft Visual Studio Solution File, Format Version 12.00
# Visual Studio 15
VisualStudioVersion = 15.0.28307.168
MinimumVisualStudioVersion = 10.0.40219.1
Project("{2150E333-8FDC-42A3-9474-1A3956D46DE8}") = "Data", "Data", "{AA3D6F87-D25B-420E-9409-441208B9EEDA}"
EndProject
Project("{9A19103F-16F7-4668-BE54-9A1E7A4F7556}") = "Sheridan.Flyball.Data.EFCore", "src\Sheridan.Flyball.Data.EFCore\Sheridan.Flyball.Data.EFCore.csproj", "{1079D576-BF41-4AA2-9659-56425ED6373C}"
EndProject
Project("{9A19103F-16F7-4668-BE54-9A1E7A4F7556}") = "Sheridan.Flyball.Core", "src\Sheridan.Flyball.Core\Sheridan.Flyball.Core.csproj", "{02CDB6AF-654E-48FE-A43D-AF20C0F9F3A9}"
EndProject
Project("{2150E333-8FDC-42A3-9474-1A3956D46DE8}") = "Solution Items", "Solution Items", "{A2D23048-6B9F-4F47-A073-69C7A2AB1669}"
	ProjectSection(SolutionItems) = preProject
		.vsts-ci.yml = .vsts-ci.yml
		README.md = README.md
	EndProjectSection
EndProject
Project("{2150E333-8FDC-42A3-9474-1A3956D46DE8}") = "Tests", "Tests", "{91ECDDB0-FB97-4406-830B-1986BB28EE55}"
EndProject
Project("{9A19103F-16F7-4668-BE54-9A1E7A4F7556}") = "Sheridan.Flyball.Service", "src\Sheridan.Flyball.Service\Sheridan.Flyball.Service.csproj", "{E0198A35-0DE1-4461-8843-7BA7415504E0}"
EndProject
Project("{FAE04EC0-301F-11D3-BF4B-00C04F79EFBC}") = "Sheridan.Flyball.Tests", "tests\Sheridan.Flyball.Tests\Sheridan.Flyball.Tests.csproj", "{5F4D0D59-82B3-4205-8489-B63D41CDB4A6}"
EndProject
Project("{2150E333-8FDC-42A3-9474-1A3956D46DE8}") = "UI", "UI", "{F51D5506-6B8A-4BFA-BD92-7BD66F9D0CE2}"
EndProject
Project("{FAE04EC0-301F-11D3-BF4B-00C04F79EFBC}") = "Sheridan.Flyball.UI.Web.Api", "src\Sheridan.Flyball.UI.Web.Api\Sheridan.Flyball.UI.Web.Api.csproj", "{984BC81E-8D1A-4CB2-BDF7-2D1CD9C4AF3B}"
EndProject
Global
	GlobalSection(SolutionConfigurationPlatforms) = preSolution
		Debug|Any CPU = Debug|Any CPU
		Release|Any CPU = Release|Any CPU
	EndGlobalSection
	GlobalSection(ProjectConfigurationPlatforms) = postSolution
		{1079D576-BF41-4AA2-9659-56425ED6373C}.Debug|Any CPU.ActiveCfg = Debug|Any CPU
		{1079D576-BF41-4AA2-9659-56425ED6373C}.Debug|Any CPU.Build.0 = Debug|Any CPU
		{1079D576-BF41-4AA2-9659-56425ED6373C}.Release|Any CPU.ActiveCfg = Release|Any CPU
		{1079D576-BF41-4AA2-9659-56425ED6373C}.Release|Any CPU.Build.0 = Release|Any CPU
		{02CDB6AF-654E-48FE-A43D-AF20C0F9F3A9}.Debug|Any CPU.ActiveCfg = Debug|Any CPU
		{02CDB6AF-654E-48FE-A43D-AF20C0F9F3A9}.Debug|Any CPU.Build.0 = Debug|Any CPU
		{02CDB6AF-654E-48FE-A43D-AF20C0F9F3A9}.Release|Any CPU.ActiveCfg = Release|Any CPU
		{02CDB6AF-654E-48FE-A43D-AF20C0F9F3A9}.Release|Any CPU.Build.0 = Release|Any CPU
		{E0198A35-0DE1-4461-8843-7BA7415504E0}.Debug|Any CPU.ActiveCfg = Debug|Any CPU
		{E0198A35-0DE1-4461-8843-7BA7415504E0}.Debug|Any CPU.Build.0 = Debug|Any CPU
		{E0198A35-0DE1-4461-8843-7BA7415504E0}.Release|Any CPU.ActiveCfg = Release|Any CPU
		{E0198A35-0DE1-4461-8843-7BA7415504E0}.Release|Any CPU.Build.0 = Release|Any CPU
		{5F4D0D59-82B3-4205-8489-B63D41CDB4A6}.Debug|Any CPU.ActiveCfg = Debug|Any CPU
		{5F4D0D59-82B3-4205-8489-B63D41CDB4A6}.Debug|Any CPU.Build.0 = Debug|Any CPU
		{5F4D0D59-82B3-4205-8489-B63D41CDB4A6}.Release|Any CPU.ActiveCfg = Release|Any CPU
		{5F4D0D59-82B3-4205-8489-B63D41CDB4A6}.Release|Any CPU.Build.0 = Release|Any CPU
		{984BC81E-8D1A-4CB2-BDF7-2D1CD9C4AF3B}.Debug|Any CPU.ActiveCfg = Debug|Any CPU
		{984BC81E-8D1A-4CB2-BDF7-2D1CD9C4AF3B}.Debug|Any CPU.Build.0 = Debug|Any CPU
		{984BC81E-8D1A-4CB2-BDF7-2D1CD9C4AF3B}.Release|Any CPU.ActiveCfg = Release|Any CPU
		{984BC81E-8D1A-4CB2-BDF7-2D1CD9C4AF3B}.Release|Any CPU.Build.0 = Release|Any CPU
	EndGlobalSection
	GlobalSection(SolutionProperties) = preSolution
		HideSolutionNode = FALSE
	EndGlobalSection
	GlobalSection(NestedProjects) = preSolution
		{1079D576-BF41-4AA2-9659-56425ED6373C} = {AA3D6F87-D25B-420E-9409-441208B9EEDA}
		{5F4D0D59-82B3-4205-8489-B63D41CDB4A6} = {91ECDDB0-FB97-4406-830B-1986BB28EE55}
		{984BC81E-8D1A-4CB2-BDF7-2D1CD9C4AF3B} = {F51D5506-6B8A-4BFA-BD92-7BD66F9D0CE2}
	EndGlobalSection
	GlobalSection(ExtensibilityGlobals) = postSolution
		SolutionGuid = {F1127242-8CBC-4B15-B45D-DC51C1667C44}
	EndGlobalSection
EndGlobal
