
Microsoft Visual Studio Solution File, Format Version 12.00
# Visual Studio Version 16
VisualStudioVersion = 16.0.28527.54
MinimumVisualStudioVersion = 10.0.40219.1
Project("{2150E333-8FDC-42A3-9474-1A3956D46DE8}") = "Data", "Data", "{AA3D6F87-D25B-420E-9409-441208B9EEDA}"
EndProject
Project("{9A19103F-16F7-4668-BE54-9A1E7A4F7556}") = "Sheridan.Flyball.Data.EFCore", "src\Sheridan.Flyball.Data.EFCore\Sheridan.Flyball.Data.EFCore.csproj", "{1079D576-BF41-4AA2-9659-56425ED6373C}"
EndProject
Project("{FAE04EC0-301F-11D3-BF4B-00C04F79EFBC}") = "Sheridan.Flyball.Core", "src\Sheridan.Flyball.Core\Sheridan.Flyball.Core.csproj", "{02CDB6AF-654E-48FE-A43D-AF20C0F9F3A9}"
EndProject
Project("{2150E333-8FDC-42A3-9474-1A3956D46DE8}") = "Solution Items", "Solution Items", "{A2D23048-6B9F-4F47-A073-69C7A2AB1669}"
	ProjectSection(SolutionItems) = preProject
		README.md = README.md
	EndProjectSection
EndProject
Global
	GlobalSection(SolutionConfigurationPlatforms) = preSolution
		Debug|Any CPU = Debug|Any CPU
		Release|Any CPU = Release|Any CPU
	EndGlobalSection
	GlobalSection(ProjectConfigurationPlatforms) = postSolution
		{1079D576-BF41-4AA2-9659-56425ED6373C}.Debug|Any CPU.ActiveCfg = Debug|Any CPU
		{1079D576-BF41-4AA2-9659-56425ED6373C}.Debug|Any CPU.Build.0 = Debug|Any CPU
		{1079D576-BF41-4AA2-9659-56425ED6373C}.Release|Any CPU.ActiveCfg = Release|Any CPU
		{1079D576-BF41-4AA2-9659-56425ED6373C}.Release|Any CPU.Build.0 = Release|Any CPU
		{02CDB6AF-654E-48FE-A43D-AF20C0F9F3A9}.Debug|Any CPU.ActiveCfg = Debug|Any CPU
		{02CDB6AF-654E-48FE-A43D-AF20C0F9F3A9}.Debug|Any CPU.Build.0 = Debug|Any CPU
		{02CDB6AF-654E-48FE-A43D-AF20C0F9F3A9}.Release|Any CPU.ActiveCfg = Release|Any CPU
		{02CDB6AF-654E-48FE-A43D-AF20C0F9F3A9}.Release|Any CPU.Build.0 = Release|Any CPU
	EndGlobalSection
	GlobalSection(SolutionProperties) = preSolution
		HideSolutionNode = FALSE
	EndGlobalSection
	GlobalSection(NestedProjects) = preSolution
		{1079D576-BF41-4AA2-9659-56425ED6373C} = {AA3D6F87-D25B-420E-9409-441208B9EEDA}
	EndGlobalSection
	GlobalSection(ExtensibilityGlobals) = postSolution
		SolutionGuid = {F1127242-8CBC-4B15-B45D-DC51C1667C44}
	EndGlobalSection
EndGlobal
